// !$*UTF8*$!
{
	archiveVersion = 1;
	classes = {
	};
	objectVersion = 50;
	objects = {

/* Begin PBXBuildFile section */
		A9B79DCF24B9C7A9004999ED /* AppDelegate.swift in Sources */ = {isa = PBXBuildFile; fileRef = A9B79DCE24B9C7A9004999ED /* AppDelegate.swift */; };
		A9B79DD124B9C7A9004999ED /* SceneDelegate.swift in Sources */ = {isa = PBXBuildFile; fileRef = A9B79DD024B9C7A9004999ED /* SceneDelegate.swift */; };
		A9B79DD324B9C7A9004999ED /* ViewController.swift in Sources */ = {isa = PBXBuildFile; fileRef = A9B79DD224B9C7A9004999ED /* ViewController.swift */; };
		A9B79DD624B9C7A9004999ED /* Main.storyboard in Resources */ = {isa = PBXBuildFile; fileRef = A9B79DD424B9C7A9004999ED /* Main.storyboard */; };
		A9B79DD824B9C7AC004999ED /* Assets.xcassets in Resources */ = {isa = PBXBuildFile; fileRef = A9B79DD724B9C7AC004999ED /* Assets.xcassets */; };
		A9B79DDB24B9C7AC004999ED /* LaunchScreen.storyboard in Resources */ = {isa = PBXBuildFile; fileRef = A9B79DD924B9C7AC004999ED /* LaunchScreen.storyboard */; };
/* End PBXBuildFile section */

/* Begin PBXFileReference section */
		A9B79DCB24B9C7A9004999ED /* PageControlChallenge.app */ = {isa = PBXFileReference; explicitFileType = wrapper.application; includeInIndex = 0; path = PageControlChallenge.app; sourceTree = BUILT_PRODUCTS_DIR; };
		A9B79DCE24B9C7A9004999ED /* AppDelegate.swift */ = {isa = PBXFileReference; lastKnownFileType = sourcecode.swift; path = AppDelegate.swift; sourceTree = "<group>"; };
		A9B79DD024B9C7A9004999ED /* SceneDelegate.swift */ = {isa = PBXFileReference; lastKnownFileType = sourcecode.swift; path = SceneDelegate.swift; sourceTree = "<group>"; };
		A9B79DD224B9C7A9004999ED /* ViewController.swift */ = {isa = PBXFileReference; lastKnownFileType = sourcecode.swift; path = ViewController.swift; sourceTree = "<group>"; };
		A9B79DD524B9C7A9004999ED /* Base */ = {isa = PBXFileReference; lastKnownFileType = file.storyboard; name = Base; path = Base.lproj/Main.storyboard; sourceTree = "<group>"; };
		A9B79DD724B9C7AC004999ED /* Assets.xcassets */ = {isa = PBXFileReference; lastKnownFileType = folder.assetcatalog; path = Assets.xcassets; sourceTree = "<group>"; };
		A9B79DDA24B9C7AC004999ED /* Base */ = {isa = PBXFileReference; lastKnownFileType = file.storyboard; name = Base; path = Base.lproj/LaunchScreen.storyboard; sourceTree = "<group>"; };
		A9B79DDC24B9C7AC004999ED /* Info.plist */ = {isa = PBXFileReference; lastKnownFileType = text.plist.xml; path = Info.plist; sourceTree = "<group>"; };
/* End PBXFileReference section */

/* Begin PBXFrameworksBuildPhase section */
		A9B79DC824B9C7A9004999ED /* Frameworks */ = {
			isa = PBXFrameworksBuildPhase;
			buildActionMask = 2147483647;
			files = (
			);
			runOnlyForDeploymentPostprocessing = 0;
		};
/* End PBXFrameworksBuildPhase section */

/* Begin PBXGroup section */
		A9B79DC224B9C7A9004999ED = {
			isa = PBXGroup;
			children = (
				A9B79DCD24B9C7A9004999ED /* PageControlChallenge */,
				A9B79DCC24B9C7A9004999ED /* Products */,
			);
			sourceTree = "<group>";
		};
		A9B79DCC24B9C7A9004999ED /* Products */ = {
			isa = PBXGroup;
			children = (
				A9B79DCB24B9C7A9004999ED /* PageControlChallenge.app */,
			);
			name = Products;
			sourceTree = "<group>";
		};
		A9B79DCD24B9C7A9004999ED /* PageControlChallenge */ = {
			isa = PBXGroup;
			children = (
				A9B79DCE24B9C7A9004999ED /* AppDelegate.swift */,
				A9B79DD024B9C7A9004999ED /* SceneDelegate.swift */,
				A9B79DD224B9C7A9004999ED /* ViewController.swift */,
				A9B79DD424B9C7A9004999ED /* Main.storyboard */,
				A9B79DD724B9C7AC004999ED /* Assets.xcassets */,
				A9B79DD924B9C7AC004999ED /* LaunchScreen.storyboard */,
				A9B79DDC24B9C7AC004999ED /* Info.plist */,
			);
			path = PageControlChallenge;
			sourceTree = "<group>";
		};
/* End PBXGroup section */

/* Begin PBXNativeTarget section */
		A9B79DCA24B9C7A9004999ED /* PageControlChallenge */ = {
			isa = PBXNativeTarget;
			buildConfigurationList = A9B79DDF24B9C7AC004999ED /* Build configuration list for PBXNativeTarget "PageControlChallenge" */;
			buildPhases = (
				A9B79DC724B9C7A9004999ED /* Sources */,
				A9B79DC824B9C7A9004999ED /* Frameworks */,
				A9B79DC924B9C7A9004999ED /* Resources */,
			);
			buildRules = (
			);
			dependencies = (
			);
			name = PageControlChallenge;
			productName = PageControlChallenge;
			productReference = A9B79DCB24B9C7A9004999ED /* PageControlChallenge.app */;
			productType = "com.apple.product-type.application";
		};
/* End PBXNativeTarget section */

/* Begin PBXProject section */
		A9B79DC324B9C7A9004999ED /* Project object */ = {
			isa = PBXProject;
			attributes = {
				LastSwiftUpdateCheck = 1150;
				LastUpgradeCheck = 1150;
				ORGANIZATIONNAME = "Siyun Min";
				TargetAttributes = {
					A9B79DCA24B9C7A9004999ED = {
						CreatedOnToolsVersion = 11.5;
					};
				};
			};
			buildConfigurationList = A9B79DC624B9C7A9004999ED /* Build configuration list for PBXProject "PageControlChallenge" */;
			compatibilityVersion = "Xcode 9.3";
			developmentRegion = en;
			hasScannedForEncodings = 0;
			knownRegions = (
				en,
				Base,
			);
			mainGroup = A9B79DC224B9C7A9004999ED;
			productRefGroup = A9B79DCC24B9C7A9004999ED /* Products */;
			projectDirPath = "";
			projectRoot = "";
			targets = (
				A9B79DCA24B9C7A9004999ED /* PageControlChallenge */,
			);
		};
/* End PBXProject section */

/* Begin PBXResourcesBuildPhase section */
		A9B79DC924B9C7A9004999ED /* Resources */ = {
			isa = PBXResourcesBuildPhase;
			buildActionMask = 2147483647;
			files = (
				A9B79DDB24B9C7AC004999ED /* LaunchScreen.storyboard in Resources */,
				A9B79DD824B9C7AC004999ED /* Assets.xcassets in Resources */,
				A9B79DD624B9C7A9004999ED /* Main.storyboard in Resources */,
			);
			runOnlyForDeploymentPostprocessing = 0;
		};
/* End PBXResourcesBuildPhase section */

/* Begin PBXSourcesBuildPhase section */
		A9B79DC724B9C7A9004999ED /* Sources */ = {
			isa = PBXSourcesBuildPhase;
			buildActionMask = 2147483647;
			files = (
				A9B79DD324B9C7A9004999ED /* ViewController.swift in Sources */,
				A9B79DCF24B9C7A9004999ED /* AppDelegate.swift in Sources */,
				A9B79DD124B9C7A9004999ED /* SceneDelegate.swift in Sources */,
			);
			runOnlyForDeploymentPostprocessing = 0;
		};
/* End PBXSourcesBuildPhase section */

/* Begin PBXVariantGroup section */
		A9B79DD424B9C7A9004999ED /* Main.storyboard */ = {
			isa = PBXVariantGroup;
			children = (
				A9B79DD524B9C7A9004999ED /* Base */,
			);
			name = Main.storyboard;
			sourceTree = "<group>";
		};
		A9B79DD924B9C7AC004999ED /* LaunchScreen.storyboard */ = {
			isa = PBXVariantGroup;
			children = (
				A9B79DDA24B9C7AC004999ED /* Base */,
			);
			name = LaunchScreen.storyboard;
			sourceTree = "<group>";
		};
/* End PBXVariantGroup section */

/* Begin XCBuildConfiguration section */
		A9B79DDD24B9C7AC004999ED /* Debug */ = {
			isa = XCBuildConfiguration;
			buildSettings = {
				ALWAYS_SEARCH_USER_PATHS = NO;
				CLANG_ANALYZER_NONNULL = YES;
				CLANG_ANALYZER_NUMBER_OBJECT_CONVERSION = YES_AGGRESSIVE;
				CLANG_CXX_LANGUAGE_STANDARD = "gnu++14";
				CLANG_CXX_LIBRARY = "libc++";
				CLANG_ENABLE_MODULES = YES;
				CLANG_ENABLE_OBJC_ARC = YES;
				CLANG_ENABLE_OBJC_WEAK = YES;
				CLANG_WARN_BLOCK_CAPTURE_AUTORELEASING = YES;
				CLANG_WARN_BOOL_CONVERSION = YES;
				CLANG_WARN_COMMA = YES;
				CLANG_WARN_CONSTANT_CONVERSION = YES;
				CLANG_WARN_DEPRECATED_OBJC_IMPLEMENTATIONS = YES;
				CLANG_WARN_DIRECT_OBJC_ISA_USAGE = YES_ERROR;
				CLANG_WARN_DOCUMENTATION_COMMENTS = YES;
				CLANG_WARN_EMPTY_BODY = YES;
				CLANG_WARN_ENUM_CONVERSION = YES;
				CLANG_WARN_INFINITE_RECURSION = YES;
				CLANG_WARN_INT_CONVERSION = YES;
				CLANG_WARN_NON_LITERAL_NULL_CONVERSION = YES;
				CLANG_WARN_OBJC_IMPLICIT_RETAIN_SELF = YES;
				CLANG_WARN_OBJC_LITERAL_CONVERSION = YES;
				CLANG_WARN_OBJC_ROOT_CLASS = YES_ERROR;
				CLANG_WARN_RANGE_LOOP_ANALYSIS = YES;
				CLANG_WARN_STRICT_PROTOTYPES = YES;
				CLANG_WARN_SUSPICIOUS_MOVE = YES;
				CLANG_WARN_UNGUARDED_AVAILABILITY = YES_AGGRESSIVE;
				CLANG_WARN_UNREACHABLE_CODE = YES;
				CLANG_WARN__DUPLICATE_METHOD_MATCH = YES;
				COPY_PHASE_STRIP = NO;
				DEBUG_INFORMATION_FORMAT = dwarf;
				ENABLE_STRICT_OBJC_MSGSEND = YES;
				ENABLE_TESTABILITY = YES;
				GCC_C_LANGUAGE_STANDARD = gnu11;
				GCC_DYNAMIC_NO_PIC = NO;
				GCC_NO_COMMON_BLOCKS = YES;
				GCC_OPTIMIZATION_LEVEL = 0;
				GCC_PREPROCESSOR_DEFINITIONS = (
					"DEBUG=1",
					"$(inherited)",
				);
				GCC_WARN_64_TO_32_BIT_CONVERSION = YES;
				GCC_WARN_ABOUT_RETURN_TYPE = YES_ERROR;
				GCC_WARN_UNDECLARED_SELECTOR = YES;
				GCC_WARN_UNINITIALIZED_AUTOS = YES_AGGRESSIVE;
				GCC_WARN_UNUSED_FUNCTION = YES;
				GCC_WARN_UNUSED_VARIABLE = YES;
				IPHONEOS_DEPLOYMENT_TARGET = 13.5;
				MTL_ENABLE_DEBUG_INFO = INCLUDE_SOURCE;
				MTL_FAST_MATH = YES;
				ONLY_ACTIVE_ARCH = YES;
				SDKROOT = iphoneos;
				SWIFT_ACTIVE_COMPILATION_CONDITIONS = DEBUG;
				SWIFT_OPTIMIZATION_LEVEL = "-Onone";
			};
			name = Debug;
		};
		A9B79DDE24B9C7AC004999ED /* Release */ = {
			isa = XCBuildConfiguration;
			buildSettings = {
				ALWAYS_SEARCH_USER_PATHS = NO;
				CLANG_ANALYZER_NONNULL = YES;
				CLANG_ANALYZER_NUMBER_OBJECT_CONVERSION = YES_AGGRESSIVE;
				CLANG_CXX_LANGUAGE_STANDARD = "gnu++14";
				CLANG_CXX_LIBRARY = "libc++";
				CLANG_ENABLE_MODULES = YES;
				CLANG_ENABLE_OBJC_ARC = YES;
				CLANG_ENABLE_OBJC_WEAK = YES;
				CLANG_WARN_BLOCK_CAPTURE_AUTORELEASING = YES;
				CLANG_WARN_BOOL_CONVERSION = YES;
				CLANG_WARN_COMMA = YES;
				CLANG_WARN_CONSTANT_CONVERSION = YES;
				CLANG_WARN_DEPRECATED_OBJC_IMPLEMENTATIONS = YES;
				CLANG_WARN_DIRECT_OBJC_ISA_USAGE = YES_ERROR;
				CLANG_WARN_DOCUMENTATION_COMMENTS = YES;
				CLANG_WARN_EMPTY_BODY = YES;
				CLANG_WARN_ENUM_CONVERSION = YES;
				CLANG_WARN_INFINITE_RECURSION = YES;
				CLANG_WARN_INT_CONVERSION = YES;
				CLANG_WARN_NON_LITERAL_NULL_CONVERSION = YES;
				CLANG_WARN_OBJC_IMPLICIT_RETAIN_SELF = YES;
				CLANG_WARN_OBJC_LITERAL_CONVERSION = YES;
				CLANG_WARN_OBJC_ROOT_CLASS = YES_ERROR;
				CLANG_WARN_RANGE_LOOP_ANALYSIS = YES;
				CLANG_WARN_STRICT_PROTOTYPES = YES;
				CLANG_WARN_SUSPICIOUS_MOVE = YES;
				CLANG_WARN_UNGUARDED_AVAILABILITY = YES_AGGRESSIVE;
				CLANG_WARN_UNREACHABLE_CODE = YES;
				CLANG_WARN__DUPLICATE_METHOD_MATCH = YES;
				COPY_PHASE_STRIP = NO;
				DEBUG_INFORMATION_FORMAT = "dwarf-with-dsym";
				ENABLE_NS_ASSERTIONS = NO;
				ENABLE_STRICT_OBJC_MSGSEND = YES;
				GCC_C_LANGUAGE_STANDARD = gnu11;
				GCC_NO_COMMON_BLOCKS = YES;
				GCC_WARN_64_TO_32_BIT_CONVERSION = YES;
				GCC_WARN_ABOUT_RETURN_TYPE = YES_ERROR;
				GCC_WARN_UNDECLARED_SELECTOR = YES;
				GCC_WARN_UNINITIALIZED_AUTOS = YES_AGGRESSIVE;
				GCC_WARN_UNUSED_FUNCTION = YES;
				GCC_WARN_UNUSED_VARIABLE = YES;
				IPHONEOS_DEPLOYMENT_TARGET = 13.5;
				MTL_ENABLE_DEBUG_INFO = NO;
				MTL_FAST_MATH = YES;
				SDKROOT = iphoneos;
				SWIFT_COMPILATION_MODE = wholemodule;
				SWIFT_OPTIMIZATION_LEVEL = "-O";
				VALIDATE_PRODUCT = YES;
			};
			name = Release;
		};
		A9B79DE024B9C7AC004999ED /* Debug */ = {
			isa = XCBuildConfiguration;
			buildSettings = {
				ASSETCATALOG_COMPILER_APPICON_NAME = AppIcon;
				CODE_SIGN_STYLE = Automatic;
				INFOPLIST_FILE = PageControlChallenge/Info.plist;
				LD_RUNPATH_SEARCH_PATHS = (
					"$(inherited)",
					"@executable_path/Frameworks",
				);
				PRODUCT_BUNDLE_IDENTIFIER = "siyun-min.PageControlChallenge";
				PRODUCT_NAME = "$(TARGET_NAME)";
				SWIFT_VERSION = 5.0;
				TARGETED_DEVICE_FAMILY = 1;
			};
			name = Debug;
		};
		A9B79DE124B9C7AC004999ED /* Release */ = {
			isa = XCBuildConfiguration;
			buildSettings = {
				ASSETCATALOG_COMPILER_APPICON_NAME = AppIcon;
				CODE_SIGN_STYLE = Automatic;
				INFOPLIST_FILE = PageControlChallenge/Info.plist;
				LD_RUNPATH_SEARCH_PATHS = (
					"$(inherited)",
					"@executable_path/Frameworks",
				);
				PRODUCT_BUNDLE_IDENTIFIER = "siyun-min.PageControlChallenge";
				PRODUCT_NAME = "$(TARGET_NAME)";
				SWIFT_VERSION = 5.0;
				TARGETED_DEVICE_FAMILY = 1;
			};
			name = Release;
		};
/* End XCBuildConfiguration section */

/* Begin XCConfigurationList section */
		A9B79DC624B9C7A9004999ED /* Build configuration list for PBXProject "PageControlChallenge" */ = {
			isa = XCConfigurationList;
			buildConfigurations = (
				A9B79DDD24B9C7AC004999ED /* Debug */,
				A9B79DDE24B9C7AC004999ED /* Release */,
			);
			defaultConfigurationIsVisible = 0;
			defaultConfigurationName = Release;
		};
		A9B79DDF24B9C7AC004999ED /* Build configuration list for PBXNativeTarget "PageControlChallenge" */ = {
			isa = XCConfigurationList;
			buildConfigurations = (
				A9B79DE024B9C7AC004999ED /* Debug */,
				A9B79DE124B9C7AC004999ED /* Release */,
			);
			defaultConfigurationIsVisible = 0;
			defaultConfigurationName = Release;
		};
/* End XCConfigurationList section */
	};
	rootObject = A9B79DC324B9C7A9004999ED /* Project object */;
}
